<?xml version="1.0" encoding="utf-8"?>
<Project ToolsVersion="4.0" xmlns="http://schemas.microsoft.com/developer/msbuild/2003">
  <ItemGroup>
    <Filter Include="src">
      <UniqueIdentifier>{22d9ffca-1886-4811-ad2d-73aa9f168164}</UniqueIdentifier>
    </Filter>
    <Filter Include="headers">
      <UniqueIdentifier>{89c7c516-2b3c-45ee-a528-05e4dc0f5748}</UniqueIdentifier>
    </Filter>
    <Filter Include="resources">
      <UniqueIdentifier>{febf48dc-aae5-40c6-8df7-88027626ec5b}</UniqueIdentifier>
    </Filter>
    <Filter Include="Resource Files">
      <UniqueIdentifier>{D9D6E242-F8AF-46E4-B9FD-80ECBC20BA3E}</UniqueIdentifier>
      <Extensions>qrc;*</Extensions>
      <ParseFiles>false</ParseFiles>
    </Filter>
    <Filter Include="Generated Files">
      <UniqueIdentifier>{71ED8ED8-ACB9-4CE9-BBE1-E00B30144E11}</UniqueIdentifier>
      <Extensions>moc;h;cpp</Extensions>
      <ParseFiles>true</ParseFiles>
    </Filter>
    <Filter Include="Generated Files\Debug">
      <UniqueIdentifier>{8a3a35d7-f1aa-4dd4-8f94-a9a908bbcc01}</UniqueIdentifier>
      <Extensions>cpp;moc</Extensions>
      <SourceControlFiles>False</SourceControlFiles>
    </Filter>
    <Filter Include="Generated Files\Release">
      <UniqueIdentifier>{c3fd5ab1-4a1f-468a-8e0c-611ed43caf09}</UniqueIdentifier>
      <Extensions>cpp;moc</Extensions>
      <SourceControlFiles>False</SourceControlFiles>
    </Filter>
  </ItemGroup>
  <ItemGroup>
    <ClCompile Include="..\..\..\..\mapsspider\src\jobsxmlparser.cpp">
      <Filter>src</Filter>
    </ClCompile>
    <ClCompile Include="..\..\..\..\mapsspider\src\main.cpp">
      <Filter>src</Filter>
    </ClCompile>
    <ClCompile Include="..\..\..\..\mapsspider\src\mapsspiderdialog.cpp">
      <Filter>src</Filter>
    </ClCompile>
    <ClCompile Include="GeneratedFiles\qrc_systray.cpp">
      <Filter>Generated Files</Filter>
    </ClCompile>
    <ClCompile Include="GeneratedFiles\Debug\moc_mapsspider_translator.cpp">
      <Filter>Generated Files\Debug</Filter>
    </ClCompile>
    <ClCompile Include="GeneratedFiles\Release\moc_mapsspider_translator.cpp">
      <Filter>Generated Files\Release</Filter>
    </ClCompile>
    <ClCompile Include="GeneratedFiles\Debug\moc_mapsspiderdialog.cpp">
      <Filter>Generated Files\Debug</Filter>
    </ClCompile>
    <ClCompile Include="GeneratedFiles\Release\moc_mapsspiderdialog.cpp">
      <Filter>Generated Files\Release</Filter>
    </ClCompile>
  </ItemGroup>
  <ItemGroup>
    <ResourceCompile Include="..\..\..\..\mapsspider\icon\mapsspider_icon.rc">
      <Filter>resources</Filter>
    </ResourceCompile>
  </ItemGroup>
  <ItemGroup>
    <CustomBuild Include="..\..\..\..\mapsspider\images\systray.qrc">
      <Filter>resources</Filter>
    </CustomBuild>
    <CustomBuild Include="..\..\..\..\mapsspider\src\mapsspider_translator.h">
      <Filter>headers</Filter>
    </CustomBuild>
    <CustomBuild Include="..\..\..\..\mapsspider\src\mapsspiderdialog.h">
      <Filter>headers</Filter>
    </CustomBuild>
  </ItemGroup>
  <ItemGroup>
    <Image Include="..\..\..\..\mapsspider\images\globe32.png">
      <Filter>Resource Files</Filter>
    </Image>
    <Image Include="..\..\..\..\mapsspider\images\globe32_1.png">
      <Filter>Resource Files</Filter>
    </Image>
    <Image Include="..\..\..\..\mapsspider\images\globe32_10.png">
      <Filter>Resource Files</Filter>
    </Image>
    <Image Include="..\..\..\..\mapsspider\images\globe32_2.png">
      <Filter>Resource Files</Filter>
    </Image>
    <Image Include="..\..\..\..\mapsspider\images\globe32_3.png">
      <Filter>Resource Files</Filter>
    </Image>
    <Image Include="..\..\..\..\mapsspider\images\globe32_4.png">
      <Filter>Resource Files</Filter>
    </Image>
    <Image Include="..\..\..\..\mapsspider\images\globe32_5.png">
      <Filter>Resource Files</Filter>
    </Image>
    <Image Include="..\..\..\..\mapsspider\images\globe32_6.png">
      <Filter>Resource Files</Filter>
    </Image>
    <Image Include="..\..\..\..\mapsspider\images\globe32_7.png">
      <Filter>Resource Files</Filter>
    </Image>
    <Image Include="..\..\..\..\mapsspider\images\globe32_8.png">
      <Filter>Resource Files</Filter>
    </Image>
    <Image Include="..\..\..\..\mapsspider\images\globe32_9.png">
      <Filter>Resource Files</Filter>
    </Image>
    <Image Include="..\..\..\..\mapsspider\images\globe32_accept.png">
      <Filter>Resource Files</Filter>
    </Image>
    <Image Include="..\..\..\..\mapsspider\images\globe32_error.png">
      <Filter>Resource Files</Filter>
    </Image>
  </ItemGroup>
</Project>