
Microsoft Visual Studio Solution File, Format Version 12.00
# Visual Studio 2013
VisualStudioVersion = 12.0.21005.1
MinimumVisualStudioVersion = 10.0.40219.1
Project("{2150E333-8FDC-42A3-9474-1A3956D46DE8}") = "lib", "lib", "{FD95EE82-90EF-4508-B881-3DF7857E2275}"
EndProject
Project("{8BC9CEB8-8B4A-11D0-8D11-00A0C91BC942}") = "qnetmap", "lib\qnetmap.vcxproj", "{936A9938-0B44-420A-BDFF-0825E16DE0BE}"
EndProject
Project("{2150E333-8FDC-42A3-9474-1A3956D46DE8}") = "plugins", "plugins", "{F8276669-2907-47EA-B150-2FA092325646}"
EndProject
Project("{8BC9CEB8-8B4A-11D0-8D11-00A0C91BC942}") = "qnetmap_empty_map", "plugins\emptymapplugin\emptymapplugin.vcxproj", "{7D8DD5F6-A17D-45B8-90B4-DE7AF0A4DF37}"
EndProject
Project("{8BC9CEB8-8B4A-11D0-8D11-00A0C91BC942}") = "qnetmap_raster_map", "plugins\rastermapplugin\rastermapplugin.vcxproj", "{EC24E601-074B-4776-8BDF-D4412748E2BA}"
EndProject
Project("{8BC9CEB8-8B4A-11D0-8D11-00A0C91BC942}") = "qnetmap_universaltile_map", "plugins\universaltilesmapplugin\universaltilesmapplugin.vcxproj", "{3DD7128A-0C13-4A47-A3FB-351DECEA3108}"
EndProject
Global
	GlobalSection(SolutionConfigurationPlatforms) = preSolution
		Debug|Win32 = Debug|Win32
		Release|Win32 = Release|Win32
	EndGlobalSection
	GlobalSection(ProjectConfigurationPlatforms) = postSolution
		{936A9938-0B44-420A-BDFF-0825E16DE0BE}.Debug|Win32.ActiveCfg = Debug|Win32
		{936A9938-0B44-420A-BDFF-0825E16DE0BE}.Debug|Win32.Build.0 = Debug|Win32
		{936A9938-0B44-420A-BDFF-0825E16DE0BE}.Release|Win32.ActiveCfg = Release|Win32
		{936A9938-0B44-420A-BDFF-0825E16DE0BE}.Release|Win32.Build.0 = Release|Win32
		{7D8DD5F6-A17D-45B8-90B4-DE7AF0A4DF37}.Debug|Win32.ActiveCfg = Debug|Win32
		{7D8DD5F6-A17D-45B8-90B4-DE7AF0A4DF37}.Debug|Win32.Build.0 = Debug|Win32
		{7D8DD5F6-A17D-45B8-90B4-DE7AF0A4DF37}.Release|Win32.ActiveCfg = Release|Win32
		{7D8DD5F6-A17D-45B8-90B4-DE7AF0A4DF37}.Release|Win32.Build.0 = Release|Win32
		{EC24E601-074B-4776-8BDF-D4412748E2BA}.Debug|Win32.ActiveCfg = Debug|Win32
		{EC24E601-074B-4776-8BDF-D4412748E2BA}.Debug|Win32.Build.0 = Debug|Win32
		{EC24E601-074B-4776-8BDF-D4412748E2BA}.Release|Win32.ActiveCfg = Release|Win32
		{EC24E601-074B-4776-8BDF-D4412748E2BA}.Release|Win32.Build.0 = Release|Win32
		{3DD7128A-0C13-4A47-A3FB-351DECEA3108}.Debug|Win32.ActiveCfg = Debug|Win32
		{3DD7128A-0C13-4A47-A3FB-351DECEA3108}.Debug|Win32.Build.0 = Debug|Win32
		{3DD7128A-0C13-4A47-A3FB-351DECEA3108}.Release|Win32.ActiveCfg = Release|Win32
		{3DD7128A-0C13-4A47-A3FB-351DECEA3108}.Release|Win32.Build.0 = Release|Win32
	EndGlobalSection
	GlobalSection(SolutionProperties) = preSolution
		HideSolutionNode = FALSE
	EndGlobalSection
	GlobalSection(NestedProjects) = preSolution
		{936A9938-0B44-420A-BDFF-0825E16DE0BE} = {FD95EE82-90EF-4508-B881-3DF7857E2275}
		{7D8DD5F6-A17D-45B8-90B4-DE7AF0A4DF37} = {F8276669-2907-47EA-B150-2FA092325646}
		{EC24E601-074B-4776-8BDF-D4412748E2BA} = {F8276669-2907-47EA-B150-2FA092325646}
		{3DD7128A-0C13-4A47-A3FB-351DECEA3108} = {F8276669-2907-47EA-B150-2FA092325646}
	EndGlobalSection
EndGlobal
