<?xml version="1.0" encoding="utf-8"?>
<Project ToolsVersion="4.0" xmlns="http://schemas.microsoft.com/developer/msbuild/2003">
  <ItemGroup>
    <Filter Include="src">
      <UniqueIdentifier>{22d9ffca-1886-4811-ad2d-73aa9f168164}</UniqueIdentifier>
    </Filter>
    <Filter Include="headers">
      <UniqueIdentifier>{89c7c516-2b3c-45ee-a528-05e4dc0f5748}</UniqueIdentifier>
    </Filter>
    <Filter Include="moc">
      <UniqueIdentifier>{68a95ccb-70bc-4e48-8b8b-290cd6be53a8}</UniqueIdentifier>
    </Filter>
    <Filter Include="resources">
      <UniqueIdentifier>{febf48dc-aae5-40c6-8df7-88027626ec5b}</UniqueIdentifier>
    </Filter>
  </ItemGroup>
  <ItemGroup>
    <ClCompile Include="..\..\..\..\mapsspider\src\jobsxmlparser.cpp">
      <Filter>src</Filter>
    </ClCompile>
    <ClCompile Include="..\..\..\..\mapsspider\src\main.cpp">
      <Filter>src</Filter>
    </ClCompile>
    <ClCompile Include="..\..\..\..\mapsspider\src\mapsspiderdialog.cpp">
      <Filter>src</Filter>
    </ClCompile>
    <ClCompile Include="..\..\..\..\build\moc\mapsspider\qrc_systray.cpp">
      <Filter>moc</Filter>
    </ClCompile>
    <ClCompile Include="..\..\..\..\build\moc\mapsspider\moc_mapsspider_translator.cpp">
      <Filter>moc</Filter>
    </ClCompile>
    <ClCompile Include="..\..\..\..\build\moc\mapsspider\moc_mapsspiderdialog.cpp">
      <Filter>moc</Filter>
    </ClCompile>
  </ItemGroup>
  <ItemGroup>
    <ResourceCompile Include="..\..\..\..\mapsspider\icon\mapsspider_icon.rc">
      <Filter>resources</Filter>
    </ResourceCompile>
  </ItemGroup>
  <ItemGroup>
    <CustomBuild Include="..\..\..\..\mapsspider\images\systray.qrc">
      <Filter>resources</Filter>
    </CustomBuild>
    <CustomBuild Include="..\..\..\..\mapsspider\src\mapsspider_translator.h">
      <Filter>headers</Filter>
    </CustomBuild>
    <CustomBuild Include="..\..\..\..\mapsspider\src\mapsspiderdialog.h">
      <Filter>headers</Filter>
    </CustomBuild>
  </ItemGroup>
</Project>