<?xml version="1.0" encoding="utf-8"?>
<Project ToolsVersion="4.0" xmlns="http://schemas.microsoft.com/developer/msbuild/2003">
  <ItemGroup>
    <Filter Include="headers">
      <UniqueIdentifier>{9ece715a-0eb9-4dbb-92cc-06f9a20905f1}</UniqueIdentifier>
    </Filter>
    <Filter Include="moc">
      <UniqueIdentifier>{06620a8a-b213-48f2-8196-6b13321d6d54}</UniqueIdentifier>
    </Filter>
    <Filter Include="src">
      <UniqueIdentifier>{12d5dec4-b9e5-4fcf-8ae4-f7e713c265ad}</UniqueIdentifier>
    </Filter>
  </ItemGroup>
  <ItemGroup>
    <ClCompile Include="..\..\..\..\plugins\emptymap\emptymapplugin.cpp">
      <Filter>src</Filter>
    </ClCompile>
    <ClCompile Include="..\..\..\..\build\moc\qnetmap_empty_map\moc_emptymapplugin.cpp">
      <Filter>moc</Filter>
    </ClCompile>
  </ItemGroup>
  <ItemGroup>
    <CustomBuild Include="..\..\..\..\plugins\emptymap\emptymapplugin.h">
      <Filter>headers</Filter>
    </CustomBuild>
  </ItemGroup>
</Project>